PODS:
  - Paralayout (1.0.0)
  - Paralayout/Tests (1.0.0)
  - SnapshotTesting (1.8.2)

DEPENDENCIES:
  - Paralayout (from `../Paralayout.podspec`)
  - Paralayout/Tests (from `../Paralayout.podspec`)
  - SnapshotTesting (~> 1.8)

SPEC REPOS:
  trunk:
    - SnapshotTesting

EXTERNAL SOURCES:
  Paralayout:
    :path: "../Paralayout.podspec"

SPEC CHECKSUMS:
  Paralayout: bec281b53f366b75f6cee850cdbeef938a98209f
  SnapshotTesting: 38947050d13960d57a4a9c166fcf51bca7d56970

PODFILE CHECKSUM: ccd5bea90fc4594ec9092187c997b2c87d11c02c

COCOAPODS: 1.15.2
