PODS:
  - Paralayout (1.0.0-rc.5)
  - Paralayout/Tests (1.0.0-rc.5)
  - SnapshotTesting (1.8.2)

DEPENDENCIES:
  - Paralayout (from `../Paralayout.podspec`)
  - Paralayout/Tests (from `../Paralayout.podspec`)
  - SnapshotTesting (~> 1.8)

SPEC REPOS:
  trunk:
    - SnapshotTesting

EXTERNAL SOURCES:
  Paralayout:
    :path: "../Paralayout.podspec"

SPEC CHECKSUMS:
  Paralayout: 630413fce9d44e3553e5da7ba8cdf090d3851ff5
  SnapshotTesting: 38947050d13960d57a4a9c166fcf51bca7d56970

PODFILE CHECKSUM: 1195b1e2af1889f21c2642dcd8511d34ed3e16c3

COCOAPODS: 1.14.3
