PODS:
  - Paralayout (1.0.0-rc.2)
  - Paralayout/Tests (1.0.0-rc.2)
  - SnapshotTesting (1.8.2)

DEPENDENCIES:
  - Paralayout (from `../Paralayout.podspec`)
  - Paralayout/Tests (from `../Paralayout.podspec`)
  - SnapshotTesting (~> 1.8)

SPEC REPOS:
  trunk:
    - SnapshotTesting

EXTERNAL SOURCES:
  Paralayout:
    :path: "../Paralayout.podspec"

SPEC CHECKSUMS:
  Paralayout: 3551efa98808176cb4a63a572594c909dd948137
  SnapshotTesting: 38947050d13960d57a4a9c166fcf51bca7d56970

PODFILE CHECKSUM: f0cdc6633e8d65e479af433fa427d7c0ce7c72b1

COCOAPODS: 1.11.2
